// !$*UTF8*$!
{
	archiveVersion = 1;
	classes = {
	};
	objectVersion = 55;
	objects = {

/* Begin PBXBuildFile section */
		F02A42072816BF5C003DA72B /* AppDelegate.swift in Sources */ = {isa = PBXBuildFile; fileRef = F02A42062816BF5C003DA72B /* AppDelegate.swift */; };
		F02A42092816BF5C003DA72B /* SceneDelegate.swift in Sources */ = {isa = PBXBuildFile; fileRef = F02A42082816BF5C003DA72B /* SceneDelegate.swift */; };
		F02A420B2816BF5C003DA72B /* ViewController.swift in Sources */ = {isa = PBXBuildFile; fileRef = F02A420A2816BF5C003DA72B /* ViewController.swift */; };
		F02A420E2816BF5C003DA72B /* Main.storyboard in Resources */ = {isa = PBXBuildFile; fileRef = F02A420C2816BF5C003DA72B /* Main.storyboard */; };
		F02A42102816BF5F003DA72B /* Assets.xcassets in Resources */ = {isa = PBXBuildFile; fileRef = F02A420F2816BF5F003DA72B /* Assets.xcassets */; };
		F02A42132816BF5F003DA72B /* LaunchScreen.storyboard in Resources */ = {isa = PBXBuildFile; fileRef = F02A42112816BF5F003DA72B /* LaunchScreen.storyboard */; };
		F02A421C2816BF8D003DA72B /* NewsListTableViewController.swift in Sources */ = {isa = PBXBuildFile; fileRef = F02A421B2816BF8D003DA72B /* NewsListTableViewController.swift */; };
		F02A421F2816C192003DA72B /* WebService.swift in Sources */ = {isa = PBXBuildFile; fileRef = F02A421E2816C192003DA72B /* WebService.swift */; };
		F02A42222816C577003DA72B /* Article.swift in Sources */ = {isa = PBXBuildFile; fileRef = F02A42212816C577003DA72B /* Article.swift */; };
		F02A42252816CB09003DA72B /* ArticleViewModel.swift in Sources */ = {isa = PBXBuildFile; fileRef = F02A42242816CB09003DA72B /* ArticleViewModel.swift */; };
		F02A42282816CCE7003DA72B /* ArticleTableViewCell.swift in Sources */ = {isa = PBXBuildFile; fileRef = F02A42272816CCE7003DA72B /* ArticleTableViewCell.swift */; };
/* End PBXBuildFile section */

/* Begin PBXFileReference section */
		F02A42032816BF5C003DA72B /* GoodNews.app */ = {isa = PBXFileReference; explicitFileType = wrapper.application; includeInIndex = 0; path = GoodNews.app; sourceTree = BUILT_PRODUCTS_DIR; };
		F02A42062816BF5C003DA72B /* AppDelegate.swift */ = {isa = PBXFileReference; lastKnownFileType = sourcecode.swift; path = AppDelegate.swift; sourceTree = "<group>"; };
		F02A42082816BF5C003DA72B /* SceneDelegate.swift */ = {isa = PBXFileReference; lastKnownFileType = sourcecode.swift; path = SceneDelegate.swift; sourceTree = "<group>"; };
		F02A420A2816BF5C003DA72B /* ViewController.swift */ = {isa = PBXFileReference; lastKnownFileType = sourcecode.swift; path = ViewController.swift; sourceTree = "<group>"; };
		F02A420D2816BF5C003DA72B /* Base */ = {isa = PBXFileReference; lastKnownFileType = file.storyboard; name = Base; path = Base.lproj/Main.storyboard; sourceTree = "<group>"; };
		F02A420F2816BF5F003DA72B /* Assets.xcassets */ = {isa = PBXFileReference; lastKnownFileType = folder.assetcatalog; path = Assets.xcassets; sourceTree = "<group>"; };
		F02A42122816BF5F003DA72B /* Base */ = {isa = PBXFileReference; lastKnownFileType = file.storyboard; name = Base; path = Base.lproj/LaunchScreen.storyboard; sourceTree = "<group>"; };
		F02A42142816BF5F003DA72B /* Info.plist */ = {isa = PBXFileReference; lastKnownFileType = text.plist.xml; path = Info.plist; sourceTree = "<group>"; };
		F02A421B2816BF8D003DA72B /* NewsListTableViewController.swift */ = {isa = PBXFileReference; lastKnownFileType = sourcecode.swift; path = NewsListTableViewController.swift; sourceTree = "<group>"; };
		F02A421E2816C192003DA72B /* WebService.swift */ = {isa = PBXFileReference; lastKnownFileType = sourcecode.swift; path = WebService.swift; sourceTree = "<group>"; };
		F02A42212816C577003DA72B /* Article.swift */ = {isa = PBXFileReference; lastKnownFileType = sourcecode.swift; path = Article.swift; sourceTree = "<group>"; };
		F02A42242816CB09003DA72B /* ArticleViewModel.swift */ = {isa = PBXFileReference; lastKnownFileType = sourcecode.swift; path = ArticleViewModel.swift; sourceTree = "<group>"; };
		F02A42272816CCE7003DA72B /* ArticleTableViewCell.swift */ = {isa = PBXFileReference; lastKnownFileType = sourcecode.swift; path = ArticleTableViewCell.swift; sourceTree = "<group>"; };
/* End PBXFileReference section */

/* Begin PBXFrameworksBuildPhase section */
		F02A42002816BF5C003DA72B /* Frameworks */ = {
			isa = PBXFrameworksBuildPhase;
			buildActionMask = 2147483647;
			files = (
			);
			runOnlyForDeploymentPostprocessing = 0;
		};
/* End PBXFrameworksBuildPhase section */

/* Begin PBXGroup section */
		F02A41FA2816BF5C003DA72B = {
			isa = PBXGroup;
			children = (
				F02A42052816BF5C003DA72B /* GoodNews */,
				F02A42042816BF5C003DA72B /* Products */,
			);
			sourceTree = "<group>";
		};
		F02A42042816BF5C003DA72B /* Products */ = {
			isa = PBXGroup;
			children = (
				F02A42032816BF5C003DA72B /* GoodNews.app */,
			);
			name = Products;
			sourceTree = "<group>";
		};
		F02A42052816BF5C003DA72B /* GoodNews */ = {
			isa = PBXGroup;
			children = (
				F02A42262816CCDC003DA72B /* Cells */,
				F02A42232816CAF7003DA72B /* View Models */,
				F02A42202816C56D003DA72B /* Models */,
				F02A421D2816C188003DA72B /* Services */,
				F02A421A2816BF78003DA72B /* Controller */,
				F02A42062816BF5C003DA72B /* AppDelegate.swift */,
				F02A42082816BF5C003DA72B /* SceneDelegate.swift */,
				F02A420A2816BF5C003DA72B /* ViewController.swift */,
				F02A420C2816BF5C003DA72B /* Main.storyboard */,
				F02A420F2816BF5F003DA72B /* Assets.xcassets */,
				F02A42112816BF5F003DA72B /* LaunchScreen.storyboard */,
				F02A42142816BF5F003DA72B /* Info.plist */,
			);
			path = GoodNews;
			sourceTree = "<group>";
		};
		F02A421A2816BF78003DA72B /* Controller */ = {
			isa = PBXGroup;
			children = (
				F02A421B2816BF8D003DA72B /* NewsListTableViewController.swift */,
			);
			path = Controller;
			sourceTree = "<group>";
		};
		F02A421D2816C188003DA72B /* Services */ = {
			isa = PBXGroup;
			children = (
				F02A421E2816C192003DA72B /* WebService.swift */,
			);
			path = Services;
			sourceTree = "<group>";
		};
		F02A42202816C56D003DA72B /* Models */ = {
			isa = PBXGroup;
			children = (
				F02A42212816C577003DA72B /* Article.swift */,
			);
			path = Models;
			sourceTree = "<group>";
		};
		F02A42232816CAF7003DA72B /* View Models */ = {
			isa = PBXGroup;
			children = (
				F02A42242816CB09003DA72B /* ArticleViewModel.swift */,
			);
			path = "View Models";
			sourceTree = "<group>";
		};
		F02A42262816CCDC003DA72B /* Cells */ = {
			isa = PBXGroup;
			children = (
				F02A42272816CCE7003DA72B /* ArticleTableViewCell.swift */,
			);
			path = Cells;
			sourceTree = "<group>";
		};
/* End PBXGroup section */

/* Begin PBXNativeTarget section */
		F02A42022816BF5C003DA72B /* GoodNews */ = {
			isa = PBXNativeTarget;
			buildConfigurationList = F02A42172816BF5F003DA72B /* Build configuration list for PBXNativeTarget "GoodNews" */;
			buildPhases = (
				F02A41FF2816BF5C003DA72B /* Sources */,
				F02A42002816BF5C003DA72B /* Frameworks */,
				F02A42012816BF5C003DA72B /* Resources */,
			);
			buildRules = (
			);
			dependencies = (
			);
			name = GoodNews;
			productName = GoodNews;
			productReference = F02A42032816BF5C003DA72B /* GoodNews.app */;
			productType = "com.apple.product-type.application";
		};
/* End PBXNativeTarget section */

/* Begin PBXProject section */
		F02A41FB2816BF5C003DA72B /* Project object */ = {
			isa = PBXProject;
			attributes = {
				BuildIndependentTargetsInParallel = 1;
				LastSwiftUpdateCheck = 1330;
				LastUpgradeCheck = 1330;
				TargetAttributes = {
					F02A42022816BF5C003DA72B = {
						CreatedOnToolsVersion = 13.3.1;
					};
				};
			};
			buildConfigurationList = F02A41FE2816BF5C003DA72B /* Build configuration list for PBXProject "GoodNews" */;
			compatibilityVersion = "Xcode 13.0";
			developmentRegion = en;
			hasScannedForEncodings = 0;
			knownRegions = (
				en,
				Base,
			);
			mainGroup = F02A41FA2816BF5C003DA72B;
			productRefGroup = F02A42042816BF5C003DA72B /* Products */;
			projectDirPath = "";
			projectRoot = "";
			targets = (
				F02A42022816BF5C003DA72B /* GoodNews */,
			);
		};
/* End PBXProject section */

/* Begin PBXResourcesBuildPhase section */
		F02A42012816BF5C003DA72B /* Resources */ = {
			isa = PBXResourcesBuildPhase;
			buildActionMask = 2147483647;
			files = (
				F02A42132816BF5F003DA72B /* LaunchScreen.storyboard in Resources */,
				F02A42102816BF5F003DA72B /* Assets.xcassets in Resources */,
				F02A420E2816BF5C003DA72B /* Main.storyboard in Resources */,
			);
			runOnlyForDeploymentPostprocessing = 0;
		};
/* End PBXResourcesBuildPhase section */

/* Begin PBXSourcesBuildPhase section */
		F02A41FF2816BF5C003DA72B /* Sources */ = {
			isa = PBXSourcesBuildPhase;
			buildActionMask = 2147483647;
			files = (
				F02A421C2816BF8D003DA72B /* NewsListTableViewController.swift in Sources */,
				F02A420B2816BF5C003DA72B /* ViewController.swift in Sources */,
				F02A42222816C577003DA72B /* Article.swift in Sources */,
				F02A42072816BF5C003DA72B /* AppDelegate.swift in Sources */,
				F02A42282816CCE7003DA72B /* ArticleTableViewCell.swift in Sources */,
				F02A421F2816C192003DA72B /* WebService.swift in Sources */,
				F02A42252816CB09003DA72B /* ArticleViewModel.swift in Sources */,
				F02A42092816BF5C003DA72B /* SceneDelegate.swift in Sources */,
			);
			runOnlyForDeploymentPostprocessing = 0;
		};
/* End PBXSourcesBuildPhase section */

/* Begin PBXVariantGroup section */
		F02A420C2816BF5C003DA72B /* Main.storyboard */ = {
			isa = PBXVariantGroup;
			children = (
				F02A420D2816BF5C003DA72B /* Base */,
			);
			name = Main.storyboard;
			sourceTree = "<group>";
		};
		F02A42112816BF5F003DA72B /* LaunchScreen.storyboard */ = {
			isa = PBXVariantGroup;
			children = (
				F02A42122816BF5F003DA72B /* Base */,
			);
			name = LaunchScreen.storyboard;
			sourceTree = "<group>";
		};
/* End PBXVariantGroup section */

/* Begin XCBuildConfiguration section */
		F02A42152816BF5F003DA72B /* Debug */ = {
			isa = XCBuildConfiguration;
			buildSettings = {
				ALWAYS_SEARCH_USER_PATHS = NO;
				CLANG_ANALYZER_NONNULL = YES;
				CLANG_ANALYZER_NUMBER_OBJECT_CONVERSION = YES_AGGRESSIVE;
				CLANG_CXX_LANGUAGE_STANDARD = "gnu++17";
				CLANG_ENABLE_MODULES = YES;
				CLANG_ENABLE_OBJC_ARC = YES;
				CLANG_ENABLE_OBJC_WEAK = YES;
				CLANG_WARN_BLOCK_CAPTURE_AUTORELEASING = YES;
				CLANG_WARN_BOOL_CONVERSION = YES;
				CLANG_WARN_COMMA = YES;
				CLANG_WARN_CONSTANT_CONVERSION = YES;
				CLANG_WARN_DEPRECATED_OBJC_IMPLEMENTATIONS = YES;
				CLANG_WARN_DIRECT_OBJC_ISA_USAGE = YES_ERROR;
				CLANG_WARN_DOCUMENTATION_COMMENTS = YES;
				CLANG_WARN_EMPTY_BODY = YES;
				CLANG_WARN_ENUM_CONVERSION = YES;
				CLANG_WARN_INFINITE_RECURSION = YES;
				CLANG_WARN_INT_CONVERSION = YES;
				CLANG_WARN_NON_LITERAL_NULL_CONVERSION = YES;
				CLANG_WARN_OBJC_IMPLICIT_RETAIN_SELF = YES;
				CLANG_WARN_OBJC_LITERAL_CONVERSION = YES;
				CLANG_WARN_OBJC_ROOT_CLASS = YES_ERROR;
				CLANG_WARN_QUOTED_INCLUDE_IN_FRAMEWORK_HEADER = YES;
				CLANG_WARN_RANGE_LOOP_ANALYSIS = YES;
				CLANG_WARN_STRICT_PROTOTYPES = YES;
				CLANG_WARN_SUSPICIOUS_MOVE = YES;
				CLANG_WARN_UNGUARDED_AVAILABILITY = YES_AGGRESSIVE;
				CLANG_WARN_UNREACHABLE_CODE = YES;
				CLANG_WARN__DUPLICATE_METHOD_MATCH = YES;
				COPY_PHASE_STRIP = NO;
				DEBUG_INFORMATION_FORMAT = dwarf;
				ENABLE_STRICT_OBJC_MSGSEND = YES;
				ENABLE_TESTABILITY = YES;
				GCC_C_LANGUAGE_STANDARD = gnu11;
				GCC_DYNAMIC_NO_PIC = NO;
				GCC_NO_COMMON_BLOCKS = YES;
				GCC_OPTIMIZATION_LEVEL = 0;
				GCC_PREPROCESSOR_DEFINITIONS = (
					"DEBUG=1",
					"$(inherited)",
				);
				GCC_WARN_64_TO_32_BIT_CONVERSION = YES;
				GCC_WARN_ABOUT_RETURN_TYPE = YES_ERROR;
				GCC_WARN_UNDECLARED_SELECTOR = YES;
				GCC_WARN_UNINITIALIZED_AUTOS = YES_AGGRESSIVE;
				GCC_WARN_UNUSED_FUNCTION = YES;
				GCC_WARN_UNUSED_VARIABLE = YES;
				IPHONEOS_DEPLOYMENT_TARGET = 15.4;
				MTL_ENABLE_DEBUG_INFO = INCLUDE_SOURCE;
				MTL_FAST_MATH = YES;
				ONLY_ACTIVE_ARCH = YES;
				SDKROOT = iphoneos;
				SWIFT_ACTIVE_COMPILATION_CONDITIONS = DEBUG;
				SWIFT_OPTIMIZATION_LEVEL = "-Onone";
			};
			name = Debug;
		};
		F02A42162816BF5F003DA72B /* Release */ = {
			isa = XCBuildConfiguration;
			buildSettings = {
				ALWAYS_SEARCH_USER_PATHS = NO;
				CLANG_ANALYZER_NONNULL = YES;
				CLANG_ANALYZER_NUMBER_OBJECT_CONVERSION = YES_AGGRESSIVE;
				CLANG_CXX_LANGUAGE_STANDARD = "gnu++17";
				CLANG_ENABLE_MODULES = YES;
				CLANG_ENABLE_OBJC_ARC = YES;
				CLANG_ENABLE_OBJC_WEAK = YES;
				CLANG_WARN_BLOCK_CAPTURE_AUTORELEASING = YES;
				CLANG_WARN_BOOL_CONVERSION = YES;
				CLANG_WARN_COMMA = YES;
				CLANG_WARN_CONSTANT_CONVERSION = YES;
				CLANG_WARN_DEPRECATED_OBJC_IMPLEMENTATIONS = YES;
				CLANG_WARN_DIRECT_OBJC_ISA_USAGE = YES_ERROR;
				CLANG_WARN_DOCUMENTATION_COMMENTS = YES;
				CLANG_WARN_EMPTY_BODY = YES;
				CLANG_WARN_ENUM_CONVERSION = YES;
				CLANG_WARN_INFINITE_RECURSION = YES;
				CLANG_WARN_INT_CONVERSION = YES;
				CLANG_WARN_NON_LITERAL_NULL_CONVERSION = YES;
				CLANG_WARN_OBJC_IMPLICIT_RETAIN_SELF = YES;
				CLANG_WARN_OBJC_LITERAL_CONVERSION = YES;
				CLANG_WARN_OBJC_ROOT_CLASS = YES_ERROR;
				CLANG_WARN_QUOTED_INCLUDE_IN_FRAMEWORK_HEADER = YES;
				CLANG_WARN_RANGE_LOOP_ANALYSIS = YES;
				CLANG_WARN_STRICT_PROTOTYPES = YES;
				CLANG_WARN_SUSPICIOUS_MOVE = YES;
				CLANG_WARN_UNGUARDED_AVAILABILITY = YES_AGGRESSIVE;
				CLANG_WARN_UNREACHABLE_CODE = YES;
				CLANG_WARN__DUPLICATE_METHOD_MATCH = YES;
				COPY_PHASE_STRIP = NO;
				DEBUG_INFORMATION_FORMAT = "dwarf-with-dsym";
				ENABLE_NS_ASSERTIONS = NO;
				ENABLE_STRICT_OBJC_MSGSEND = YES;
				GCC_C_LANGUAGE_STANDARD = gnu11;
				GCC_NO_COMMON_BLOCKS = YES;
				GCC_WARN_64_TO_32_BIT_CONVERSION = YES;
				GCC_WARN_ABOUT_RETURN_TYPE = YES_ERROR;
				GCC_WARN_UNDECLARED_SELECTOR = YES;
				GCC_WARN_UNINITIALIZED_AUTOS = YES_AGGRESSIVE;
				GCC_WARN_UNUSED_FUNCTION = YES;
				GCC_WARN_UNUSED_VARIABLE = YES;
				IPHONEOS_DEPLOYMENT_TARGET = 15.4;
				MTL_ENABLE_DEBUG_INFO = NO;
				MTL_FAST_MATH = YES;
				SDKROOT = iphoneos;
				SWIFT_COMPILATION_MODE = wholemodule;
				SWIFT_OPTIMIZATION_LEVEL = "-O";
				VALIDATE_PRODUCT = YES;
			};
			name = Release;
		};
		F02A42182816BF5F003DA72B /* Debug */ = {
			isa = XCBuildConfiguration;
			buildSettings = {
				ASSETCATALOG_COMPILER_APPICON_NAME = AppIcon;
				ASSETCATALOG_COMPILER_GLOBAL_ACCENT_COLOR_NAME = AccentColor;
				CODE_SIGN_STYLE = Automatic;
				CURRENT_PROJECT_VERSION = 1;
				DEVELOPMENT_TEAM = 8UV3Y69NB7;
				GENERATE_INFOPLIST_FILE = YES;
				INFOPLIST_FILE = GoodNews/Info.plist;
				INFOPLIST_KEY_UIApplicationSupportsIndirectInputEvents = YES;
				INFOPLIST_KEY_UILaunchStoryboardName = LaunchScreen;
				INFOPLIST_KEY_UIMainStoryboardFile = Main;
				INFOPLIST_KEY_UISupportedInterfaceOrientations_iPad = "UIInterfaceOrientationPortrait UIInterfaceOrientationPortraitUpsideDown UIInterfaceOrientationLandscapeLeft UIInterfaceOrientationLandscapeRight";
				INFOPLIST_KEY_UISupportedInterfaceOrientations_iPhone = "UIInterfaceOrientationPortrait UIInterfaceOrientationLandscapeLeft UIInterfaceOrientationLandscapeRight";
				LD_RUNPATH_SEARCH_PATHS = (
					"$(inherited)",
					"@executable_path/Frameworks",
				);
				MARKETING_VERSION = 1.0;
				PRODUCT_BUNDLE_IDENTIFIER = kr.gaeng2y.example.GoodNews;
				PRODUCT_NAME = "$(TARGET_NAME)";
				SWIFT_EMIT_LOC_STRINGS = YES;
				SWIFT_VERSION = 5.0;
				TARGETED_DEVICE_FAMILY = "1,2";
			};
			name = Debug;
		};
		F02A42192816BF5F003DA72B /* Release */ = {
			isa = XCBuildConfiguration;
			buildSettings = {
				ASSETCATALOG_COMPILER_APPICON_NAME = AppIcon;
				ASSETCATALOG_COMPILER_GLOBAL_ACCENT_COLOR_NAME = AccentColor;
				CODE_SIGN_STYLE = Automatic;
				CURRENT_PROJECT_VERSION = 1;
				DEVELOPMENT_TEAM = 8UV3Y69NB7;
				GENERATE_INFOPLIST_FILE = YES;
				INFOPLIST_FILE = GoodNews/Info.plist;
				INFOPLIST_KEY_UIApplicationSupportsIndirectInputEvents = YES;
				INFOPLIST_KEY_UILaunchStoryboardName = LaunchScreen;
				INFOPLIST_KEY_UIMainStoryboardFile = Main;
				INFOPLIST_KEY_UISupportedInterfaceOrientations_iPad = "UIInterfaceOrientationPortrait UIInterfaceOrientationPortraitUpsideDown UIInterfaceOrientationLandscapeLeft UIInterfaceOrientationLandscapeRight";
				INFOPLIST_KEY_UISupportedInterfaceOrientations_iPhone = "UIInterfaceOrientationPortrait UIInterfaceOrientationLandscapeLeft UIInterfaceOrientationLandscapeRight";
				LD_RUNPATH_SEARCH_PATHS = (
					"$(inherited)",
					"@executable_path/Frameworks",
				);
				MARKETING_VERSION = 1.0;
				PRODUCT_BUNDLE_IDENTIFIER = kr.gaeng2y.example.GoodNews;
				PRODUCT_NAME = "$(TARGET_NAME)";
				SWIFT_EMIT_LOC_STRINGS = YES;
				SWIFT_VERSION = 5.0;
				TARGETED_DEVICE_FAMILY = "1,2";
			};
			name = Release;
		};
/* End XCBuildConfiguration section */

/* Begin XCConfigurationList section */
		F02A41FE2816BF5C003DA72B /* Build configuration list for PBXProject "GoodNews" */ = {
			isa = XCConfigurationList;
			buildConfigurations = (
				F02A42152816BF5F003DA72B /* Debug */,
				F02A42162816BF5F003DA72B /* Release */,
			);
			defaultConfigurationIsVisible = 0;
			defaultConfigurationName = Release;
		};
		F02A42172816BF5F003DA72B /* Build configuration list for PBXNativeTarget "GoodNews" */ = {
			isa = XCConfigurationList;
			buildConfigurations = (
				F02A42182816BF5F003DA72B /* Debug */,
				F02A42192816BF5F003DA72B /* Release */,
			);
			defaultConfigurationIsVisible = 0;
			defaultConfigurationName = Release;
		};
/* End XCConfigurationList section */
	};
	rootObject = F02A41FB2816BF5C003DA72B /* Project object */;
}
