// !$*UTF8*$!
{
	archiveVersion = 1;
	classes = {
	};
	objectVersion = 55;
	objects = {

/* Begin PBXBuildFile section */
		F06B9AFF2875CC3400E1C7F8 /* AppDelegate.swift in Sources */ = {isa = PBXBuildFile; fileRef = F06B9AFE2875CC3400E1C7F8 /* AppDelegate.swift */; };
		F06B9B012875CC3400E1C7F8 /* SceneDelegate.swift in Sources */ = {isa = PBXBuildFile; fileRef = F06B9B002875CC3400E1C7F8 /* SceneDelegate.swift */; };
		F06B9B062875CC3400E1C7F8 /* Main.storyboard in Resources */ = {isa = PBXBuildFile; fileRef = F06B9B042875CC3400E1C7F8 /* Main.storyboard */; };
		F06B9B082875CC3400E1C7F8 /* Assets.xcassets in Resources */ = {isa = PBXBuildFile; fileRef = F06B9B072875CC3400E1C7F8 /* Assets.xcassets */; };
		F06B9B0B2875CC3400E1C7F8 /* LaunchScreen.storyboard in Resources */ = {isa = PBXBuildFile; fileRef = F06B9B092875CC3400E1C7F8 /* LaunchScreen.storyboard */; };
		F06B9B142875CEED00E1C7F8 /* WeatherListTableViewController.swift in Sources */ = {isa = PBXBuildFile; fileRef = F06B9B132875CEED00E1C7F8 /* WeatherListTableViewController.swift */; };
		F06B9B162875CF1100E1C7F8 /* AddWeatherCityViewController.swift in Sources */ = {isa = PBXBuildFile; fileRef = F06B9B152875CF1100E1C7F8 /* AddWeatherCityViewController.swift */; };
		F0824D81288EC23700A7E585 /* WeatherCell.swift in Sources */ = {isa = PBXBuildFile; fileRef = F0824D80288EC23700A7E585 /* WeatherCell.swift */; };
		F0824D86288EE8CD00A7E585 /* WebService.swift in Sources */ = {isa = PBXBuildFile; fileRef = F0824D85288EE8CD00A7E585 /* WebService.swift */; };
		F0824D8828901F3100A7E585 /* WeatherResponse.swift in Sources */ = {isa = PBXBuildFile; fileRef = F0824D8728901F3100A7E585 /* WeatherResponse.swift */; };
		F0824D8E28903D2200A7E585 /* AddWeatherViewModel.swift in Sources */ = {isa = PBXBuildFile; fileRef = F0824D8D28903D2200A7E585 /* AddWeatherViewModel.swift */; };
		F0824D9128903D4B00A7E585 /* Constants.swift in Sources */ = {isa = PBXBuildFile; fileRef = F0824D9028903D4B00A7E585 /* Constants.swift */; };
		F0824D9428903DF600A7E585 /* String+Extensions.swift in Sources */ = {isa = PBXBuildFile; fileRef = F0824D9328903DF600A7E585 /* String+Extensions.swift */; };
		F0824D9628903F5800A7E585 /* WeatherListViewModel.swift in Sources */ = {isa = PBXBuildFile; fileRef = F0824D9528903F5800A7E585 /* WeatherListViewModel.swift */; };
		F0824D98289043F800A7E585 /* Double+Extensions.swift in Sources */ = {isa = PBXBuildFile; fileRef = F0824D97289043F800A7E585 /* Double+Extensions.swift */; };
		F0824D9A289044D400A7E585 /* SettingTableViewController.swift in Sources */ = {isa = PBXBuildFile; fileRef = F0824D99289044D400A7E585 /* SettingTableViewController.swift */; };
		F0824D9C2890457900A7E585 /* SettingViewModel.swift in Sources */ = {isa = PBXBuildFile; fileRef = F0824D9B2890457900A7E585 /* SettingViewModel.swift */; };
/* End PBXBuildFile section */

/* Begin PBXFileReference section */
		F06B9AFB2875CC3400E1C7F8 /* GoodWeather.app */ = {isa = PBXFileReference; explicitFileType = wrapper.application; includeInIndex = 0; path = GoodWeather.app; sourceTree = BUILT_PRODUCTS_DIR; };
		F06B9AFE2875CC3400E1C7F8 /* AppDelegate.swift */ = {isa = PBXFileReference; lastKnownFileType = sourcecode.swift; path = AppDelegate.swift; sourceTree = "<group>"; };
		F06B9B002875CC3400E1C7F8 /* SceneDelegate.swift */ = {isa = PBXFileReference; lastKnownFileType = sourcecode.swift; path = SceneDelegate.swift; sourceTree = "<group>"; };
		F06B9B052875CC3400E1C7F8 /* Base */ = {isa = PBXFileReference; lastKnownFileType = file.storyboard; name = Base; path = Base.lproj/Main.storyboard; sourceTree = "<group>"; };
		F06B9B072875CC3400E1C7F8 /* Assets.xcassets */ = {isa = PBXFileReference; lastKnownFileType = folder.assetcatalog; path = Assets.xcassets; sourceTree = "<group>"; };
		F06B9B0A2875CC3400E1C7F8 /* Base */ = {isa = PBXFileReference; lastKnownFileType = file.storyboard; name = Base; path = Base.lproj/LaunchScreen.storyboard; sourceTree = "<group>"; };
		F06B9B0C2875CC3400E1C7F8 /* Info.plist */ = {isa = PBXFileReference; lastKnownFileType = text.plist.xml; path = Info.plist; sourceTree = "<group>"; };
		F06B9B132875CEED00E1C7F8 /* WeatherListTableViewController.swift */ = {isa = PBXFileReference; lastKnownFileType = sourcecode.swift; path = WeatherListTableViewController.swift; sourceTree = "<group>"; };
		F06B9B152875CF1100E1C7F8 /* AddWeatherCityViewController.swift */ = {isa = PBXFileReference; lastKnownFileType = sourcecode.swift; path = AddWeatherCityViewController.swift; sourceTree = "<group>"; };
		F0824D80288EC23700A7E585 /* WeatherCell.swift */ = {isa = PBXFileReference; lastKnownFileType = sourcecode.swift; path = WeatherCell.swift; sourceTree = "<group>"; };
		F0824D85288EE8CD00A7E585 /* WebService.swift */ = {isa = PBXFileReference; lastKnownFileType = sourcecode.swift; path = WebService.swift; sourceTree = "<group>"; };
		F0824D8728901F3100A7E585 /* WeatherResponse.swift */ = {isa = PBXFileReference; lastKnownFileType = sourcecode.swift; path = WeatherResponse.swift; sourceTree = "<group>"; };
		F0824D8D28903D2200A7E585 /* AddWeatherViewModel.swift */ = {isa = PBXFileReference; lastKnownFileType = sourcecode.swift; path = AddWeatherViewModel.swift; sourceTree = "<group>"; };
		F0824D9028903D4B00A7E585 /* Constants.swift */ = {isa = PBXFileReference; lastKnownFileType = sourcecode.swift; path = Constants.swift; sourceTree = "<group>"; };
		F0824D9328903DF600A7E585 /* String+Extensions.swift */ = {isa = PBXFileReference; lastKnownFileType = sourcecode.swift; path = "String+Extensions.swift"; sourceTree = "<group>"; };
		F0824D9528903F5800A7E585 /* WeatherListViewModel.swift */ = {isa = PBXFileReference; lastKnownFileType = sourcecode.swift; path = WeatherListViewModel.swift; sourceTree = "<group>"; };
		F0824D97289043F800A7E585 /* Double+Extensions.swift */ = {isa = PBXFileReference; lastKnownFileType = sourcecode.swift; path = "Double+Extensions.swift"; sourceTree = "<group>"; };
		F0824D99289044D400A7E585 /* SettingTableViewController.swift */ = {isa = PBXFileReference; lastKnownFileType = sourcecode.swift; path = SettingTableViewController.swift; sourceTree = "<group>"; };
		F0824D9B2890457900A7E585 /* SettingViewModel.swift */ = {isa = PBXFileReference; lastKnownFileType = sourcecode.swift; path = SettingViewModel.swift; sourceTree = "<group>"; };
/* End PBXFileReference section */

/* Begin PBXFrameworksBuildPhase section */
		F06B9AF82875CC3400E1C7F8 /* Frameworks */ = {
			isa = PBXFrameworksBuildPhase;
			buildActionMask = 2147483647;
			files = (
			);
			runOnlyForDeploymentPostprocessing = 0;
		};
/* End PBXFrameworksBuildPhase section */

/* Begin PBXGroup section */
		F06B9AF22875CC3400E1C7F8 = {
			isa = PBXGroup;
			children = (
				F06B9AFD2875CC3400E1C7F8 /* GoodWeather */,
				F06B9AFC2875CC3400E1C7F8 /* Products */,
			);
			sourceTree = "<group>";
		};
		F06B9AFC2875CC3400E1C7F8 /* Products */ = {
			isa = PBXGroup;
			children = (
				F06B9AFB2875CC3400E1C7F8 /* GoodWeather.app */,
			);
			name = Products;
			sourceTree = "<group>";
		};
		F06B9AFD2875CC3400E1C7F8 /* GoodWeather */ = {
			isa = PBXGroup;
			children = (
				F0824D9228903DEC00A7E585 /* Extensions */,
				F0824D8F28903D4200A7E585 /* Utils */,
				F0824D8C28903D1600A7E585 /* ViewModels */,
				F0824D8928901F3500A7E585 /* Models */,
				F0824D84288EE88900A7E585 /* Services */,
				F0824D7F288EC22100A7E585 /* Custom Cells */,
				F06B9B122875CEE000E1C7F8 /* Controllers */,
				F06B9AFE2875CC3400E1C7F8 /* AppDelegate.swift */,
				F06B9B002875CC3400E1C7F8 /* SceneDelegate.swift */,
				F06B9B042875CC3400E1C7F8 /* Main.storyboard */,
				F06B9B072875CC3400E1C7F8 /* Assets.xcassets */,
				F06B9B092875CC3400E1C7F8 /* LaunchScreen.storyboard */,
				F06B9B0C2875CC3400E1C7F8 /* Info.plist */,
			);
			path = GoodWeather;
			sourceTree = "<group>";
		};
		F06B9B122875CEE000E1C7F8 /* Controllers */ = {
			isa = PBXGroup;
			children = (
				F06B9B132875CEED00E1C7F8 /* WeatherListTableViewController.swift */,
				F06B9B152875CF1100E1C7F8 /* AddWeatherCityViewController.swift */,
				F0824D99289044D400A7E585 /* SettingTableViewController.swift */,
			);
			path = Controllers;
			sourceTree = "<group>";
		};
		F0824D7F288EC22100A7E585 /* Custom Cells */ = {
			isa = PBXGroup;
			children = (
				F0824D80288EC23700A7E585 /* WeatherCell.swift */,
			);
			path = "Custom Cells";
			sourceTree = "<group>";
		};
		F0824D84288EE88900A7E585 /* Services */ = {
			isa = PBXGroup;
			children = (
				F0824D85288EE8CD00A7E585 /* WebService.swift */,
			);
			path = Services;
			sourceTree = "<group>";
		};
		F0824D8928901F3500A7E585 /* Models */ = {
			isa = PBXGroup;
			children = (
				F0824D8728901F3100A7E585 /* WeatherResponse.swift */,
			);
			path = Models;
			sourceTree = "<group>";
		};
		F0824D8C28903D1600A7E585 /* ViewModels */ = {
			isa = PBXGroup;
			children = (
				F0824D8D28903D2200A7E585 /* AddWeatherViewModel.swift */,
				F0824D9528903F5800A7E585 /* WeatherListViewModel.swift */,
				F0824D9B2890457900A7E585 /* SettingViewModel.swift */,
			);
			path = ViewModels;
			sourceTree = "<group>";
		};
		F0824D8F28903D4200A7E585 /* Utils */ = {
			isa = PBXGroup;
			children = (
				F0824D9028903D4B00A7E585 /* Constants.swift */,
			);
			path = Utils;
			sourceTree = "<group>";
		};
		F0824D9228903DEC00A7E585 /* Extensions */ = {
			isa = PBXGroup;
			children = (
				F0824D9328903DF600A7E585 /* String+Extensions.swift */,
				F0824D97289043F800A7E585 /* Double+Extensions.swift */,
			);
			path = Extensions;
			sourceTree = "<group>";
		};
/* End PBXGroup section */

/* Begin PBXNativeTarget section */
		F06B9AFA2875CC3400E1C7F8 /* GoodWeather */ = {
			isa = PBXNativeTarget;
			buildConfigurationList = F06B9B0F2875CC3400E1C7F8 /* Build configuration list for PBXNativeTarget "GoodWeather" */;
			buildPhases = (
				F06B9AF72875CC3400E1C7F8 /* Sources */,
				F06B9AF82875CC3400E1C7F8 /* Frameworks */,
				F06B9AF92875CC3400E1C7F8 /* Resources */,
			);
			buildRules = (
			);
			dependencies = (
			);
			name = GoodWeather;
			productName = GoodWeather;
			productReference = F06B9AFB2875CC3400E1C7F8 /* GoodWeather.app */;
			productType = "com.apple.product-type.application";
		};
/* End PBXNativeTarget section */

/* Begin PBXProject section */
		F06B9AF32875CC3400E1C7F8 /* Project object */ = {
			isa = PBXProject;
			attributes = {
				BuildIndependentTargetsInParallel = 1;
				LastSwiftUpdateCheck = 1340;
				LastUpgradeCheck = 1340;
				TargetAttributes = {
					F06B9AFA2875CC3400E1C7F8 = {
						CreatedOnToolsVersion = 13.4;
					};
				};
			};
			buildConfigurationList = F06B9AF62875CC3400E1C7F8 /* Build configuration list for PBXProject "GoodWeather" */;
			compatibilityVersion = "Xcode 13.0";
			developmentRegion = en;
			hasScannedForEncodings = 0;
			knownRegions = (
				en,
				Base,
			);
			mainGroup = F06B9AF22875CC3400E1C7F8;
			productRefGroup = F06B9AFC2875CC3400E1C7F8 /* Products */;
			projectDirPath = "";
			projectRoot = "";
			targets = (
				F06B9AFA2875CC3400E1C7F8 /* GoodWeather */,
			);
		};
/* End PBXProject section */

/* Begin PBXResourcesBuildPhase section */
		F06B9AF92875CC3400E1C7F8 /* Resources */ = {
			isa = PBXResourcesBuildPhase;
			buildActionMask = 2147483647;
			files = (
				F06B9B0B2875CC3400E1C7F8 /* LaunchScreen.storyboard in Resources */,
				F06B9B082875CC3400E1C7F8 /* Assets.xcassets in Resources */,
				F06B9B062875CC3400E1C7F8 /* Main.storyboard in Resources */,
			);
			runOnlyForDeploymentPostprocessing = 0;
		};
/* End PBXResourcesBuildPhase section */

/* Begin PBXSourcesBuildPhase section */
		F06B9AF72875CC3400E1C7F8 /* Sources */ = {
			isa = PBXSourcesBuildPhase;
			buildActionMask = 2147483647;
			files = (
				F0824D98289043F800A7E585 /* Double+Extensions.swift in Sources */,
				F0824D9C2890457900A7E585 /* SettingViewModel.swift in Sources */,
				F0824D9A289044D400A7E585 /* SettingTableViewController.swift in Sources */,
				F0824D9428903DF600A7E585 /* String+Extensions.swift in Sources */,
				F0824D86288EE8CD00A7E585 /* WebService.swift in Sources */,
				F0824D8E28903D2200A7E585 /* AddWeatherViewModel.swift in Sources */,
				F0824D9628903F5800A7E585 /* WeatherListViewModel.swift in Sources */,
				F06B9B142875CEED00E1C7F8 /* WeatherListTableViewController.swift in Sources */,
				F06B9AFF2875CC3400E1C7F8 /* AppDelegate.swift in Sources */,
				F0824D8828901F3100A7E585 /* WeatherResponse.swift in Sources */,
				F0824D81288EC23700A7E585 /* WeatherCell.swift in Sources */,
				F06B9B162875CF1100E1C7F8 /* AddWeatherCityViewController.swift in Sources */,
				F06B9B012875CC3400E1C7F8 /* SceneDelegate.swift in Sources */,
				F0824D9128903D4B00A7E585 /* Constants.swift in Sources */,
			);
			runOnlyForDeploymentPostprocessing = 0;
		};
/* End PBXSourcesBuildPhase section */

/* Begin PBXVariantGroup section */
		F06B9B042875CC3400E1C7F8 /* Main.storyboard */ = {
			isa = PBXVariantGroup;
			children = (
				F06B9B052875CC3400E1C7F8 /* Base */,
			);
			name = Main.storyboard;
			sourceTree = "<group>";
		};
		F06B9B092875CC3400E1C7F8 /* LaunchScreen.storyboard */ = {
			isa = PBXVariantGroup;
			children = (
				F06B9B0A2875CC3400E1C7F8 /* Base */,
			);
			name = LaunchScreen.storyboard;
			sourceTree = "<group>";
		};
/* End PBXVariantGroup section */

/* Begin XCBuildConfiguration section */
		F06B9B0D2875CC3400E1C7F8 /* Debug */ = {
			isa = XCBuildConfiguration;
			buildSettings = {
				ALWAYS_SEARCH_USER_PATHS = NO;
				CLANG_ANALYZER_NONNULL = YES;
				CLANG_ANALYZER_NUMBER_OBJECT_CONVERSION = YES_AGGRESSIVE;
				CLANG_CXX_LANGUAGE_STANDARD = "gnu++17";
				CLANG_ENABLE_MODULES = YES;
				CLANG_ENABLE_OBJC_ARC = YES;
				CLANG_ENABLE_OBJC_WEAK = YES;
				CLANG_WARN_BLOCK_CAPTURE_AUTORELEASING = YES;
				CLANG_WARN_BOOL_CONVERSION = YES;
				CLANG_WARN_COMMA = YES;
				CLANG_WARN_CONSTANT_CONVERSION = YES;
				CLANG_WARN_DEPRECATED_OBJC_IMPLEMENTATIONS = YES;
				CLANG_WARN_DIRECT_OBJC_ISA_USAGE = YES_ERROR;
				CLANG_WARN_DOCUMENTATION_COMMENTS = YES;
				CLANG_WARN_EMPTY_BODY = YES;
				CLANG_WARN_ENUM_CONVERSION = YES;
				CLANG_WARN_INFINITE_RECURSION = YES;
				CLANG_WARN_INT_CONVERSION = YES;
				CLANG_WARN_NON_LITERAL_NULL_CONVERSION = YES;
				CLANG_WARN_OBJC_IMPLICIT_RETAIN_SELF = YES;
				CLANG_WARN_OBJC_LITERAL_CONVERSION = YES;
				CLANG_WARN_OBJC_ROOT_CLASS = YES_ERROR;
				CLANG_WARN_QUOTED_INCLUDE_IN_FRAMEWORK_HEADER = YES;
				CLANG_WARN_RANGE_LOOP_ANALYSIS = YES;
				CLANG_WARN_STRICT_PROTOTYPES = YES;
				CLANG_WARN_SUSPICIOUS_MOVE = YES;
				CLANG_WARN_UNGUARDED_AVAILABILITY = YES_AGGRESSIVE;
				CLANG_WARN_UNREACHABLE_CODE = YES;
				CLANG_WARN__DUPLICATE_METHOD_MATCH = YES;
				COPY_PHASE_STRIP = NO;
				DEBUG_INFORMATION_FORMAT = dwarf;
				ENABLE_STRICT_OBJC_MSGSEND = YES;
				ENABLE_TESTABILITY = YES;
				GCC_C_LANGUAGE_STANDARD = gnu11;
				GCC_DYNAMIC_NO_PIC = NO;
				GCC_NO_COMMON_BLOCKS = YES;
				GCC_OPTIMIZATION_LEVEL = 0;
				GCC_PREPROCESSOR_DEFINITIONS = (
					"DEBUG=1",
					"$(inherited)",
				);
				GCC_WARN_64_TO_32_BIT_CONVERSION = YES;
				GCC_WARN_ABOUT_RETURN_TYPE = YES_ERROR;
				GCC_WARN_UNDECLARED_SELECTOR = YES;
				GCC_WARN_UNINITIALIZED_AUTOS = YES_AGGRESSIVE;
				GCC_WARN_UNUSED_FUNCTION = YES;
				GCC_WARN_UNUSED_VARIABLE = YES;
				IPHONEOS_DEPLOYMENT_TARGET = 15.5;
				MTL_ENABLE_DEBUG_INFO = INCLUDE_SOURCE;
				MTL_FAST_MATH = YES;
				ONLY_ACTIVE_ARCH = YES;
				SDKROOT = iphoneos;
				SWIFT_ACTIVE_COMPILATION_CONDITIONS = DEBUG;
				SWIFT_OPTIMIZATION_LEVEL = "-Onone";
			};
			name = Debug;
		};
		F06B9B0E2875CC3400E1C7F8 /* Release */ = {
			isa = XCBuildConfiguration;
			buildSettings = {
				ALWAYS_SEARCH_USER_PATHS = NO;
				CLANG_ANALYZER_NONNULL = YES;
				CLANG_ANALYZER_NUMBER_OBJECT_CONVERSION = YES_AGGRESSIVE;
				CLANG_CXX_LANGUAGE_STANDARD = "gnu++17";
				CLANG_ENABLE_MODULES = YES;
				CLANG_ENABLE_OBJC_ARC = YES;
				CLANG_ENABLE_OBJC_WEAK = YES;
				CLANG_WARN_BLOCK_CAPTURE_AUTORELEASING = YES;
				CLANG_WARN_BOOL_CONVERSION = YES;
				CLANG_WARN_COMMA = YES;
				CLANG_WARN_CONSTANT_CONVERSION = YES;
				CLANG_WARN_DEPRECATED_OBJC_IMPLEMENTATIONS = YES;
				CLANG_WARN_DIRECT_OBJC_ISA_USAGE = YES_ERROR;
				CLANG_WARN_DOCUMENTATION_COMMENTS = YES;
				CLANG_WARN_EMPTY_BODY = YES;
				CLANG_WARN_ENUM_CONVERSION = YES;
				CLANG_WARN_INFINITE_RECURSION = YES;
				CLANG_WARN_INT_CONVERSION = YES;
				CLANG_WARN_NON_LITERAL_NULL_CONVERSION = YES;
				CLANG_WARN_OBJC_IMPLICIT_RETAIN_SELF = YES;
				CLANG_WARN_OBJC_LITERAL_CONVERSION = YES;
				CLANG_WARN_OBJC_ROOT_CLASS = YES_ERROR;
				CLANG_WARN_QUOTED_INCLUDE_IN_FRAMEWORK_HEADER = YES;
				CLANG_WARN_RANGE_LOOP_ANALYSIS = YES;
				CLANG_WARN_STRICT_PROTOTYPES = YES;
				CLANG_WARN_SUSPICIOUS_MOVE = YES;
				CLANG_WARN_UNGUARDED_AVAILABILITY = YES_AGGRESSIVE;
				CLANG_WARN_UNREACHABLE_CODE = YES;
				CLANG_WARN__DUPLICATE_METHOD_MATCH = YES;
				COPY_PHASE_STRIP = NO;
				DEBUG_INFORMATION_FORMAT = "dwarf-with-dsym";
				ENABLE_NS_ASSERTIONS = NO;
				ENABLE_STRICT_OBJC_MSGSEND = YES;
				GCC_C_LANGUAGE_STANDARD = gnu11;
				GCC_NO_COMMON_BLOCKS = YES;
				GCC_WARN_64_TO_32_BIT_CONVERSION = YES;
				GCC_WARN_ABOUT_RETURN_TYPE = YES_ERROR;
				GCC_WARN_UNDECLARED_SELECTOR = YES;
				GCC_WARN_UNINITIALIZED_AUTOS = YES_AGGRESSIVE;
				GCC_WARN_UNUSED_FUNCTION = YES;
				GCC_WARN_UNUSED_VARIABLE = YES;
				IPHONEOS_DEPLOYMENT_TARGET = 15.5;
				MTL_ENABLE_DEBUG_INFO = NO;
				MTL_FAST_MATH = YES;
				SDKROOT = iphoneos;
				SWIFT_COMPILATION_MODE = wholemodule;
				SWIFT_OPTIMIZATION_LEVEL = "-O";
				VALIDATE_PRODUCT = YES;
			};
			name = Release;
		};
		F06B9B102875CC3400E1C7F8 /* Debug */ = {
			isa = XCBuildConfiguration;
			buildSettings = {
				ASSETCATALOG_COMPILER_APPICON_NAME = AppIcon;
				ASSETCATALOG_COMPILER_GLOBAL_ACCENT_COLOR_NAME = AccentColor;
				CODE_SIGN_STYLE = Automatic;
				CURRENT_PROJECT_VERSION = 1;
				DEVELOPMENT_TEAM = 8UV3Y69NB7;
				GENERATE_INFOPLIST_FILE = YES;
				INFOPLIST_FILE = GoodWeather/Info.plist;
				INFOPLIST_KEY_UIApplicationSupportsIndirectInputEvents = YES;
				INFOPLIST_KEY_UILaunchStoryboardName = LaunchScreen;
				INFOPLIST_KEY_UIMainStoryboardFile = Main;
				INFOPLIST_KEY_UISupportedInterfaceOrientations_iPad = "UIInterfaceOrientationPortrait UIInterfaceOrientationPortraitUpsideDown UIInterfaceOrientationLandscapeLeft UIInterfaceOrientationLandscapeRight";
				INFOPLIST_KEY_UISupportedInterfaceOrientations_iPhone = "UIInterfaceOrientationPortrait UIInterfaceOrientationLandscapeLeft UIInterfaceOrientationLandscapeRight";
				LD_RUNPATH_SEARCH_PATHS = (
					"$(inherited)",
					"@executable_path/Frameworks",
				);
				MARKETING_VERSION = 1.0;
				PRODUCT_BUNDLE_IDENTIFIER = gaeng2y.GoodWeather;
				PRODUCT_NAME = "$(TARGET_NAME)";
				SWIFT_EMIT_LOC_STRINGS = YES;
				SWIFT_VERSION = 5.0;
				TARGETED_DEVICE_FAMILY = "1,2";
			};
			name = Debug;
		};
		F06B9B112875CC3400E1C7F8 /* Release */ = {
			isa = XCBuildConfiguration;
			buildSettings = {
				ASSETCATALOG_COMPILER_APPICON_NAME = AppIcon;
				ASSETCATALOG_COMPILER_GLOBAL_ACCENT_COLOR_NAME = AccentColor;
				CODE_SIGN_STYLE = Automatic;
				CURRENT_PROJECT_VERSION = 1;
				DEVELOPMENT_TEAM = 8UV3Y69NB7;
				GENERATE_INFOPLIST_FILE = YES;
				INFOPLIST_FILE = GoodWeather/Info.plist;
				INFOPLIST_KEY_UIApplicationSupportsIndirectInputEvents = YES;
				INFOPLIST_KEY_UILaunchStoryboardName = LaunchScreen;
				INFOPLIST_KEY_UIMainStoryboardFile = Main;
				INFOPLIST_KEY_UISupportedInterfaceOrientations_iPad = "UIInterfaceOrientationPortrait UIInterfaceOrientationPortraitUpsideDown UIInterfaceOrientationLandscapeLeft UIInterfaceOrientationLandscapeRight";
				INFOPLIST_KEY_UISupportedInterfaceOrientations_iPhone = "UIInterfaceOrientationPortrait UIInterfaceOrientationLandscapeLeft UIInterfaceOrientationLandscapeRight";
				LD_RUNPATH_SEARCH_PATHS = (
					"$(inherited)",
					"@executable_path/Frameworks",
				);
				MARKETING_VERSION = 1.0;
				PRODUCT_BUNDLE_IDENTIFIER = gaeng2y.GoodWeather;
				PRODUCT_NAME = "$(TARGET_NAME)";
				SWIFT_EMIT_LOC_STRINGS = YES;
				SWIFT_VERSION = 5.0;
				TARGETED_DEVICE_FAMILY = "1,2";
			};
			name = Release;
		};
/* End XCBuildConfiguration section */

/* Begin XCConfigurationList section */
		F06B9AF62875CC3400E1C7F8 /* Build configuration list for PBXProject "GoodWeather" */ = {
			isa = XCConfigurationList;
			buildConfigurations = (
				F06B9B0D2875CC3400E1C7F8 /* Debug */,
				F06B9B0E2875CC3400E1C7F8 /* Release */,
			);
			defaultConfigurationIsVisible = 0;
			defaultConfigurationName = Release;
		};
		F06B9B0F2875CC3400E1C7F8 /* Build configuration list for PBXNativeTarget "GoodWeather" */ = {
			isa = XCConfigurationList;
			buildConfigurations = (
				F06B9B102875CC3400E1C7F8 /* Debug */,
				F06B9B112875CC3400E1C7F8 /* Release */,
			);
			defaultConfigurationIsVisible = 0;
			defaultConfigurationName = Release;
		};
/* End XCConfigurationList section */
	};
	rootObject = F06B9AF32875CC3400E1C7F8 /* Project object */;
}
